<?xml version="1.0" encoding="UTF-8" standalone="yes" ?>
<CodeBlocks_project_file>
	<FileVersion major="1" minor="6" />
	<Project>
		<Option title="gameProject" />
		<Option pch_mode="2" />
		<Option compiler="gcc" />
		<Build>
			<Target title="Debug">
				<Option output="bin/Debug/gameProject" prefix_auto="1" extension_auto="1" />
				<Option working_dir="C:/Users/danie/OneDrive/Desktop/3DGames-2025/Common/bin" />
				<Option object_output="obj/Debug/" />
				<Option type="1" />
				<Option compiler="gcc" />
				<Compiler>
					<Add option="-g" />
					<Add directory="include" />
					<Add directory="src" />
				</Compiler>
			</Target>
			<Target title="Release">
				<Option output="bin/Release/gameProject" prefix_auto="1" extension_auto="1" />
				<Option working_dir="C:/Users/danie/OneDrive/Desktop/3DGames-2025/Common/bin" />
				<Option object_output="obj/Release/" />
				<Option type="0" />
				<Option compiler="gcc" />
				<Compiler>
					<Add option="-O2" />
				</Compiler>
				<Linker>
					<Add option="-s" />
				</Linker>
			</Target>
		</Build>
		<Compiler>
			<Add option="-Wall" />
			<Add directory="C:/Users/danie/OneDrive/Desktop/3DGames-2025/Common/include" />
		</Compiler>
		<Linker>
			<Add library="../../SOIL2-master/SOIL2-master/src/MyLib/bin/Release/libSoil.a" />
			<Add library="../Common/lib/libirrKlang.a" />
			<Add library="glut32" />
			<Add library="opengl32" />
			<Add library="glu32" />
			<Add library="winmm" />
			<Add library="gdi32" />
			<Add directory="C:/Users/danie/OneDrive/Desktop/3DGames-2025/Common/lib" />
		</Linker>
		<Unit filename="include/Anorms.h" />
		<Unit filename="include/GL/freeglut.h" />
		<Unit filename="include/GL/freeglut_ext.h" />
		<Unit filename="include/GL/freeglut_std.h" />
		<Unit filename="include/GL/glut.h" />
		<Unit filename="include/SNDS/ik_ESoundEngineOptions.h" />
		<Unit filename="include/SNDS/ik_ESoundOutputDrivers.h" />
		<Unit filename="include/SNDS/ik_EStreamModes.h" />
		<Unit filename="include/SNDS/ik_IAudioRecorder.h" />
		<Unit filename="include/SNDS/ik_IAudioStream.h" />
		<Unit filename="include/SNDS/ik_IAudioStreamLoader.h" />
		<Unit filename="include/SNDS/ik_IFileFactory.h" />
		<Unit filename="include/SNDS/ik_IFileReader.h" />
		<Unit filename="include/SNDS/ik_IRefCounted.h" />
		<Unit filename="include/SNDS/ik_ISound.h" />
		<Unit filename="include/SNDS/ik_ISoundDeviceList.h" />
		<Unit filename="include/SNDS/ik_ISoundEffectControl.h" />
		<Unit filename="include/SNDS/ik_ISoundEngine.h" />
		<Unit filename="include/SNDS/ik_ISoundMixedOutputReceiver.h" />
		<Unit filename="include/SNDS/ik_ISoundSource.h" />
		<Unit filename="include/SNDS/ik_ISoundStopEventReceiver.h" />
		<Unit filename="include/SNDS/ik_IVirtualRefCounted.h" />
		<Unit filename="include/SNDS/ik_SAudioStreamFormat.h" />
		<Unit filename="include/SNDS/ik_irrKlangTypes.h" />
		<Unit filename="include/SNDS/ik_vec3d.h" />
		<Unit filename="include/SNDS/irrKlang.h" />
		<Unit filename="include/SOIL.h" />
		<Unit filename="include/_3dmodelloader.h" />
		<Unit filename="include/_Enemy.h" />
		<Unit filename="include/_bullets.h" />
		<Unit filename="include/_camera.h" />
		<Unit filename="include/_collisioncheck.h" />
		<Unit filename="include/_common.h" />
		<Unit filename="include/_inputs.h" />
		<Unit filename="include/_level1.h" />
		<Unit filename="include/_level2.h" />
		<Unit filename="include/_level3.h" />
		<Unit filename="include/_light.h" />
		<Unit filename="include/_menu.h" />
		<Unit filename="include/_model.h" />
		<Unit filename="include/_parallax.h" />
		<Unit filename="include/_player.h" />
		<Unit filename="include/_scene.h" />
		<Unit filename="include/_scenemanager.h" />
		<Unit filename="include/_skybox.h" />
		<Unit filename="include/_sounds.h" />
		<Unit filename="include/_sprite.h" />
		<Unit filename="include/_textureloader.h" />
		<Unit filename="include/_timer.h" />
		<Unit filename="main.cpp" />
		<Unit filename="src/_3dmodelloader.cpp" />
		<Unit filename="src/_Enemy.cpp" />
		<Unit filename="src/_bullets.cpp" />
		<Unit filename="src/_camera.cpp" />
		<Unit filename="src/_collisioncheck.cpp" />
		<Unit filename="src/_inputs.cpp" />
		<Unit filename="src/_level1.cpp" />
		<Unit filename="src/_level2.cpp" />
		<Unit filename="src/_level3.cpp" />
		<Unit filename="src/_light.cpp" />
		<Unit filename="src/_menu.cpp" />
		<Unit filename="src/_model.cpp" />
		<Unit filename="src/_parallax.cpp" />
		<Unit filename="src/_player.cpp" />
		<Unit filename="src/_scene.cpp" />
		<Unit filename="src/_scenemanager.cpp" />
		<Unit filename="src/_skybox.cpp" />
		<Unit filename="src/_sounds.cpp" />
		<Unit filename="src/_sprite.cpp" />
		<Unit filename="src/_textureloader.cpp" />
		<Unit filename="src/_timer.cpp" />
		<Extensions>
			<lib_finder disable_auto="1" />
		</Extensions>
	</Project>
</CodeBlocks_project_file>
